
Microsoft Visual Studio Solution File, Format Version 12.00
# Visual Studio 15
VisualStudioVersion = 15.0.26430.12
MinimumVisualStudioVersion = 10.0.40219.1
Project("{FAE04EC0-301F-11D3-BF4B-00C04F79EFBC}") = "Drama.Auth.Gateway", "Drama.Auth.Gateway\Drama.Auth.Gateway.csproj", "{55644D30-3AD6-4303-BF0E-CE6C6F9BC5C4}"
EndProject
Project("{FAE04EC0-301F-11D3-BF4B-00C04F79EFBC}") = "Drama.Core.Gateway", "Drama.Core.Gateway\Drama.Core.Gateway.csproj", "{DD3346C7-43BA-4783-9BC6-E5A91210FBA3}"
EndProject
Project("{FAE04EC0-301F-11D3-BF4B-00C04F79EFBC}") = "Drama.Auth.Host", "Drama.Auth.Host\Drama.Auth.Host.csproj", "{92C7D135-229C-46A5-8C14-A96DE3F249C4}"
EndProject
Project("{FAE04EC0-301F-11D3-BF4B-00C04F79EFBC}") = "Drama.Auth.Api", "Drama.Auth.Api\Drama.Auth.Api.csproj", "{9D1D844B-0FE3-4B37-9940-BD5D4529BB17}"
EndProject
Project("{FAE04EC0-301F-11D3-BF4B-00C04F79EFBC}") = "Drama.Auth.Grains", "Drama.Auth.Grains\Drama.Auth.Grains.csproj", "{68ED9553-020A-407E-B0E4-897C920E9B71}"
EndProject
Global
	GlobalSection(SolutionConfigurationPlatforms) = preSolution
		Debug|Any CPU = Debug|Any CPU
		Release|Any CPU = Release|Any CPU
	EndGlobalSection
	GlobalSection(ProjectConfigurationPlatforms) = postSolution
		{55644D30-3AD6-4303-BF0E-CE6C6F9BC5C4}.Debug|Any CPU.ActiveCfg = Debug|Any CPU
		{55644D30-3AD6-4303-BF0E-CE6C6F9BC5C4}.Debug|Any CPU.Build.0 = Debug|Any CPU
		{55644D30-3AD6-4303-BF0E-CE6C6F9BC5C4}.Release|Any CPU.ActiveCfg = Release|Any CPU
		{55644D30-3AD6-4303-BF0E-CE6C6F9BC5C4}.Release|Any CPU.Build.0 = Release|Any CPU
		{DD3346C7-43BA-4783-9BC6-E5A91210FBA3}.Debug|Any CPU.ActiveCfg = Debug|Any CPU
		{DD3346C7-43BA-4783-9BC6-E5A91210FBA3}.Debug|Any CPU.Build.0 = Debug|Any CPU
		{DD3346C7-43BA-4783-9BC6-E5A91210FBA3}.Release|Any CPU.ActiveCfg = Release|Any CPU
		{DD3346C7-43BA-4783-9BC6-E5A91210FBA3}.Release|Any CPU.Build.0 = Release|Any CPU
		{92C7D135-229C-46A5-8C14-A96DE3F249C4}.Debug|Any CPU.ActiveCfg = Debug|Any CPU
		{92C7D135-229C-46A5-8C14-A96DE3F249C4}.Debug|Any CPU.Build.0 = Debug|Any CPU
		{92C7D135-229C-46A5-8C14-A96DE3F249C4}.Release|Any CPU.ActiveCfg = Release|Any CPU
		{92C7D135-229C-46A5-8C14-A96DE3F249C4}.Release|Any CPU.Build.0 = Release|Any CPU
		{9D1D844B-0FE3-4B37-9940-BD5D4529BB17}.Debug|Any CPU.ActiveCfg = Debug|Any CPU
		{9D1D844B-0FE3-4B37-9940-BD5D4529BB17}.Debug|Any CPU.Build.0 = Debug|Any CPU
		{9D1D844B-0FE3-4B37-9940-BD5D4529BB17}.Release|Any CPU.ActiveCfg = Release|Any CPU
		{9D1D844B-0FE3-4B37-9940-BD5D4529BB17}.Release|Any CPU.Build.0 = Release|Any CPU
		{68ED9553-020A-407E-B0E4-897C920E9B71}.Debug|Any CPU.ActiveCfg = Debug|Any CPU
		{68ED9553-020A-407E-B0E4-897C920E9B71}.Debug|Any CPU.Build.0 = Debug|Any CPU
		{68ED9553-020A-407E-B0E4-897C920E9B71}.Release|Any CPU.ActiveCfg = Release|Any CPU
		{68ED9553-020A-407E-B0E4-897C920E9B71}.Release|Any CPU.Build.0 = Release|Any CPU
	EndGlobalSection
	GlobalSection(SolutionProperties) = preSolution
		HideSolutionNode = FALSE
	EndGlobalSection
EndGlobal
